
Microsoft Visual Studio Solution File, Format Version 12.00
# Visual Studio Version 17
VisualStudioVersion = 17.5.33516.290
MinimumVisualStudioVersion = 10.0.40219.1
Project("{9A19103F-16F7-4668-BE54-9A1E7A4F7556}") = "prjMovieHolic", "prjMovieHolic\prjMovieHolic.csproj", "{DA50BD5D-09AD-4C77-A8E4-E3FDB0985E51}"
EndProject
Project("{FAE04EC0-301F-11D3-BF4B-00C04F79EFBC}") = "MovieFrontController.Tests", "MovieFrontController.Tests\MovieFrontController.Tests.csproj", "{B1A376F7-AAA6-4F1E-A79B-5D704759DEFD}"
EndProject
Global
	GlobalSection(SolutionConfigurationPlatforms) = preSolution
		Debug|Any CPU = Debug|Any CPU
		Release|Any CPU = Release|Any CPU
	EndGlobalSection
	GlobalSection(ProjectConfigurationPlatforms) = postSolution
		{DA50BD5D-09AD-4C77-A8E4-E3FDB0985E51}.Debug|Any CPU.ActiveCfg = Debug|Any CPU
		{DA50BD5D-09AD-4C77-A8E4-E3FDB0985E51}.Debug|Any CPU.Build.0 = Debug|Any CPU
		{DA50BD5D-09AD-4C77-A8E4-E3FDB0985E51}.Release|Any CPU.ActiveCfg = Release|Any CPU
		{DA50BD5D-09AD-4C77-A8E4-E3FDB0985E51}.Release|Any CPU.Build.0 = Release|Any CPU
		{B1A376F7-AAA6-4F1E-A79B-5D704759DEFD}.Debug|Any CPU.ActiveCfg = Debug|Any CPU
		{B1A376F7-AAA6-4F1E-A79B-5D704759DEFD}.Debug|Any CPU.Build.0 = Debug|Any CPU
		{B1A376F7-AAA6-4F1E-A79B-5D704759DEFD}.Release|Any CPU.ActiveCfg = Release|Any CPU
		{B1A376F7-AAA6-4F1E-A79B-5D704759DEFD}.Release|Any CPU.Build.0 = Release|Any CPU
	EndGlobalSection
	GlobalSection(SolutionProperties) = preSolution
		HideSolutionNode = FALSE
	EndGlobalSection
	GlobalSection(ExtensibilityGlobals) = postSolution
		SolutionGuid = {E7ADAC88-8402-4901-A623-9CDFB7908BC4}
	EndGlobalSection
EndGlobal
